// !$*UTF8*$!
{
	archiveVersion = 1;
	classes = {
	};
	objectVersion = 50;
	objects = {

/* Begin PBXBuildFile section */
		818CE09225D86A8F005B530B /* AppDelegate.swift in Sources */ = {isa = PBXBuildFile; fileRef = 818CE09125D86A8F005B530B /* AppDelegate.swift */; };
		818CE09425D86A8F005B530B /* SceneDelegate.swift in Sources */ = {isa = PBXBuildFile; fileRef = 818CE09325D86A8F005B530B /* SceneDelegate.swift */; };
		818CE09625D86A8F005B530B /* ViewController.swift in Sources */ = {isa = PBXBuildFile; fileRef = 818CE09525D86A8F005B530B /* ViewController.swift */; };
		818CE09925D86A8F005B530B /* Main.storyboard in Resources */ = {isa = PBXBuildFile; fileRef = 818CE09725D86A8F005B530B /* Main.storyboard */; };
		818CE09B25D86A90005B530B /* Assets.xcassets in Resources */ = {isa = PBXBuildFile; fileRef = 818CE09A25D86A90005B530B /* Assets.xcassets */; };
		818CE09E25D86A90005B530B /* LaunchScreen.storyboard in Resources */ = {isa = PBXBuildFile; fileRef = 818CE09C25D86A90005B530B /* LaunchScreen.storyboard */; };
		818CE0A925D86A91005B530B /* Flash_CardTests.swift in Sources */ = {isa = PBXBuildFile; fileRef = 818CE0A825D86A91005B530B /* Flash_CardTests.swift */; };
		818CE0B425D86A91005B530B /* Flash_CardUITests.swift in Sources */ = {isa = PBXBuildFile; fileRef = 818CE0B325D86A91005B530B /* Flash_CardUITests.swift */; };
		81C66D1625F40F3000EF617F /* CreationViewController.swift in Sources */ = {isa = PBXBuildFile; fileRef = 81C66D1525F40F3000EF617F /* CreationViewController.swift */; };
/* End PBXBuildFile section */

/* Begin PBXContainerItemProxy section */
		818CE0A525D86A91005B530B /* PBXContainerItemProxy */ = {
			isa = PBXContainerItemProxy;
			containerPortal = 818CE08625D86A8F005B530B /* Project object */;
			proxyType = 1;
			remoteGlobalIDString = 818CE08D25D86A8F005B530B;
			remoteInfo = "Flash Card";
		};
		818CE0B025D86A91005B530B /* PBXContainerItemProxy */ = {
			isa = PBXContainerItemProxy;
			containerPortal = 818CE08625D86A8F005B530B /* Project object */;
			proxyType = 1;
			remoteGlobalIDString = 818CE08D25D86A8F005B530B;
			remoteInfo = "Flash Card";
		};
/* End PBXContainerItemProxy section */

/* Begin PBXFileReference section */
		818CE08E25D86A8F005B530B /* Flash Card.app */ = {isa = PBXFileReference; explicitFileType = wrapper.application; includeInIndex = 0; path = "Flash Card.app"; sourceTree = BUILT_PRODUCTS_DIR; };
		818CE09125D86A8F005B530B /* AppDelegate.swift */ = {isa = PBXFileReference; lastKnownFileType = sourcecode.swift; path = AppDelegate.swift; sourceTree = "<group>"; };
		818CE09325D86A8F005B530B /* SceneDelegate.swift */ = {isa = PBXFileReference; lastKnownFileType = sourcecode.swift; path = SceneDelegate.swift; sourceTree = "<group>"; };
		818CE09525D86A8F005B530B /* ViewController.swift */ = {isa = PBXFileReference; lastKnownFileType = sourcecode.swift; path = ViewController.swift; sourceTree = "<group>"; };
		818CE09825D86A8F005B530B /* Base */ = {isa = PBXFileReference; lastKnownFileType = file.storyboard; name = Base; path = Base.lproj/Main.storyboard; sourceTree = "<group>"; };
		818CE09A25D86A90005B530B /* Assets.xcassets */ = {isa = PBXFileReference; lastKnownFileType = folder.assetcatalog; path = Assets.xcassets; sourceTree = "<group>"; };
		818CE09D25D86A90005B530B /* Base */ = {isa = PBXFileReference; lastKnownFileType = file.storyboard; name = Base; path = Base.lproj/LaunchScreen.storyboard; sourceTree = "<group>"; };
		818CE09F25D86A90005B530B /* Info.plist */ = {isa = PBXFileReference; lastKnownFileType = text.plist.xml; path = Info.plist; sourceTree = "<group>"; };
		818CE0A425D86A91005B530B /* Flash CardTests.xctest */ = {isa = PBXFileReference; explicitFileType = wrapper.cfbundle; includeInIndex = 0; path = "Flash CardTests.xctest"; sourceTree = BUILT_PRODUCTS_DIR; };
		818CE0A825D86A91005B530B /* Flash_CardTests.swift */ = {isa = PBXFileReference; lastKnownFileType = sourcecode.swift; path = Flash_CardTests.swift; sourceTree = "<group>"; };
		818CE0AA25D86A91005B530B /* Info.plist */ = {isa = PBXFileReference; lastKnownFileType = text.plist.xml; path = Info.plist; sourceTree = "<group>"; };
		818CE0AF25D86A91005B530B /* Flash CardUITests.xctest */ = {isa = PBXFileReference; explicitFileType = wrapper.cfbundle; includeInIndex = 0; path = "Flash CardUITests.xctest"; sourceTree = BUILT_PRODUCTS_DIR; };
		818CE0B325D86A91005B530B /* Flash_CardUITests.swift */ = {isa = PBXFileReference; lastKnownFileType = sourcecode.swift; path = Flash_CardUITests.swift; sourceTree = "<group>"; };
		818CE0B525D86A91005B530B /* Info.plist */ = {isa = PBXFileReference; lastKnownFileType = text.plist.xml; path = Info.plist; sourceTree = "<group>"; };
		81C66D1525F40F3000EF617F /* CreationViewController.swift */ = {isa = PBXFileReference; lastKnownFileType = sourcecode.swift; path = CreationViewController.swift; sourceTree = "<group>"; };
/* End PBXFileReference section */

/* Begin PBXFrameworksBuildPhase section */
		818CE08B25D86A8F005B530B /* Frameworks */ = {
			isa = PBXFrameworksBuildPhase;
			buildActionMask = 2147483647;
			files = (
			);
			runOnlyForDeploymentPostprocessing = 0;
		};
		818CE0A125D86A91005B530B /* Frameworks */ = {
			isa = PBXFrameworksBuildPhase;
			buildActionMask = 2147483647;
			files = (
			);
			runOnlyForDeploymentPostprocessing = 0;
		};
		818CE0AC25D86A91005B530B /* Frameworks */ = {
			isa = PBXFrameworksBuildPhase;
			buildActionMask = 2147483647;
			files = (
			);
			runOnlyForDeploymentPostprocessing = 0;
		};
/* End PBXFrameworksBuildPhase section */

/* Begin PBXGroup section */
		818CE08525D86A8F005B530B = {
			isa = PBXGroup;
			children = (
				818CE09025D86A8F005B530B /* Flash Card */,
				818CE0A725D86A91005B530B /* Flash CardTests */,
				818CE0B225D86A91005B530B /* Flash CardUITests */,
				818CE08F25D86A8F005B530B /* Products */,
			);
			sourceTree = "<group>";
		};
		818CE08F25D86A8F005B530B /* Products */ = {
			isa = PBXGroup;
			children = (
				818CE08E25D86A8F005B530B /* Flash Card.app */,
				818CE0A425D86A91005B530B /* Flash CardTests.xctest */,
				818CE0AF25D86A91005B530B /* Flash CardUITests.xctest */,
			);
			name = Products;
			sourceTree = "<group>";
		};
		818CE09025D86A8F005B530B /* Flash Card */ = {
			isa = PBXGroup;
			children = (
				818CE09125D86A8F005B530B /* AppDelegate.swift */,
				818CE09325D86A8F005B530B /* SceneDelegate.swift */,
				818CE09525D86A8F005B530B /* ViewController.swift */,
				81C66D1525F40F3000EF617F /* CreationViewController.swift */,
				818CE09725D86A8F005B530B /* Main.storyboard */,
				818CE09A25D86A90005B530B /* Assets.xcassets */,
				818CE09C25D86A90005B530B /* LaunchScreen.storyboard */,
				818CE09F25D86A90005B530B /* Info.plist */,
			);
			path = "Flash Card";
			sourceTree = "<group>";
		};
		818CE0A725D86A91005B530B /* Flash CardTests */ = {
			isa = PBXGroup;
			children = (
				818CE0A825D86A91005B530B /* Flash_CardTests.swift */,
				818CE0AA25D86A91005B530B /* Info.plist */,
			);
			path = "Flash CardTests";
			sourceTree = "<group>";
		};
		818CE0B225D86A91005B530B /* Flash CardUITests */ = {
			isa = PBXGroup;
			children = (
				818CE0B325D86A91005B530B /* Flash_CardUITests.swift */,
				818CE0B525D86A91005B530B /* Info.plist */,
			);
			path = "Flash CardUITests";
			sourceTree = "<group>";
		};
/* End PBXGroup section */

/* Begin PBXNativeTarget section */
		818CE08D25D86A8F005B530B /* Flash Card */ = {
			isa = PBXNativeTarget;
			buildConfigurationList = 818CE0B825D86A91005B530B /* Build configuration list for PBXNativeTarget "Flash Card" */;
			buildPhases = (
				818CE08A25D86A8F005B530B /* Sources */,
				818CE08B25D86A8F005B530B /* Frameworks */,
				818CE08C25D86A8F005B530B /* Resources */,
			);
			buildRules = (
			);
			dependencies = (
			);
			name = "Flash Card";
			productName = "Flash Card";
			productReference = 818CE08E25D86A8F005B530B /* Flash Card.app */;
			productType = "com.apple.product-type.application";
		};
		818CE0A325D86A91005B530B /* Flash CardTests */ = {
			isa = PBXNativeTarget;
			buildConfigurationList = 818CE0BB25D86A91005B530B /* Build configuration list for PBXNativeTarget "Flash CardTests" */;
			buildPhases = (
				818CE0A025D86A91005B530B /* Sources */,
				818CE0A125D86A91005B530B /* Frameworks */,
				818CE0A225D86A91005B530B /* Resources */,
			);
			buildRules = (
			);
			dependencies = (
				818CE0A625D86A91005B530B /* PBXTargetDependency */,
			);
			name = "Flash CardTests";
			productName = "Flash CardTests";
			productReference = 818CE0A425D86A91005B530B /* Flash CardTests.xctest */;
			productType = "com.apple.product-type.bundle.unit-test";
		};
		818CE0AE25D86A91005B530B /* Flash CardUITests */ = {
			isa = PBXNativeTarget;
			buildConfigurationList = 818CE0BE25D86A91005B530B /* Build configuration list for PBXNativeTarget "Flash CardUITests" */;
			buildPhases = (
				818CE0AB25D86A91005B530B /* Sources */,
				818CE0AC25D86A91005B530B /* Frameworks */,
				818CE0AD25D86A91005B530B /* Resources */,
			);
			buildRules = (
			);
			dependencies = (
				818CE0B125D86A91005B530B /* PBXTargetDependency */,
			);
			name = "Flash CardUITests";
			productName = "Flash CardUITests";
			productReference = 818CE0AF25D86A91005B530B /* Flash CardUITests.xctest */;
			productType = "com.apple.product-type.bundle.ui-testing";
		};
/* End PBXNativeTarget section */

/* Begin PBXProject section */
		818CE08625D86A8F005B530B /* Project object */ = {
			isa = PBXProject;
			attributes = {
				LastSwiftUpdateCheck = 1240;
				LastUpgradeCheck = 1240;
				TargetAttributes = {
					818CE08D25D86A8F005B530B = {
						CreatedOnToolsVersion = 12.4;
					};
					818CE0A325D86A91005B530B = {
						CreatedOnToolsVersion = 12.4;
						TestTargetID = 818CE08D25D86A8F005B530B;
					};
					818CE0AE25D86A91005B530B = {
						CreatedOnToolsVersion = 12.4;
						TestTargetID = 818CE08D25D86A8F005B530B;
					};
				};
			};
			buildConfigurationList = 818CE08925D86A8F005B530B /* Build configuration list for PBXProject "Flash Card" */;
			compatibilityVersion = "Xcode 9.3";
			developmentRegion = en;
			hasScannedForEncodings = 0;
			knownRegions = (
				en,
				Base,
			);
			mainGroup = 818CE08525D86A8F005B530B;
			productRefGroup = 818CE08F25D86A8F005B530B /* Products */;
			projectDirPath = "";
			projectRoot = "";
			targets = (
				818CE08D25D86A8F005B530B /* Flash Card */,
				818CE0A325D86A91005B530B /* Flash CardTests */,
				818CE0AE25D86A91005B530B /* Flash CardUITests */,
			);
		};
/* End PBXProject section */

/* Begin PBXResourcesBuildPhase section */
		818CE08C25D86A8F005B530B /* Resources */ = {
			isa = PBXResourcesBuildPhase;
			buildActionMask = 2147483647;
			files = (
				818CE09E25D86A90005B530B /* LaunchScreen.storyboard in Resources */,
				818CE09B25D86A90005B530B /* Assets.xcassets in Resources */,
				818CE09925D86A8F005B530B /* Main.storyboard in Resources */,
			);
			runOnlyForDeploymentPostprocessing = 0;
		};
		818CE0A225D86A91005B530B /* Resources */ = {
			isa = PBXResourcesBuildPhase;
			buildActionMask = 2147483647;
			files = (
			);
			runOnlyForDeploymentPostprocessing = 0;
		};
		818CE0AD25D86A91005B530B /* Resources */ = {
			isa = PBXResourcesBuildPhase;
			buildActionMask = 2147483647;
			files = (
			);
			runOnlyForDeploymentPostprocessing = 0;
		};
/* End PBXResourcesBuildPhase section */

/* Begin PBXSourcesBuildPhase section */
		818CE08A25D86A8F005B530B /* Sources */ = {
			isa = PBXSourcesBuildPhase;
			buildActionMask = 2147483647;
			files = (
				818CE09625D86A8F005B530B /* ViewController.swift in Sources */,
				818CE09225D86A8F005B530B /* AppDelegate.swift in Sources */,
				818CE09425D86A8F005B530B /* SceneDelegate.swift in Sources */,
				81C66D1625F40F3000EF617F /* CreationViewController.swift in Sources */,
			);
			runOnlyForDeploymentPostprocessing = 0;
		};
		818CE0A025D86A91005B530B /* Sources */ = {
			isa = PBXSourcesBuildPhase;
			buildActionMask = 2147483647;
			files = (
				818CE0A925D86A91005B530B /* Flash_CardTests.swift in Sources */,
			);
			runOnlyForDeploymentPostprocessing = 0;
		};
		818CE0AB25D86A91005B530B /* Sources */ = {
			isa = PBXSourcesBuildPhase;
			buildActionMask = 2147483647;
			files = (
				818CE0B425D86A91005B530B /* Flash_CardUITests.swift in Sources */,
			);
			runOnlyForDeploymentPostprocessing = 0;
		};
/* End PBXSourcesBuildPhase section */

/* Begin PBXTargetDependency section */
		818CE0A625D86A91005B530B /* PBXTargetDependency */ = {
			isa = PBXTargetDependency;
			target = 818CE08D25D86A8F005B530B /* Flash Card */;
			targetProxy = 818CE0A525D86A91005B530B /* PBXContainerItemProxy */;
		};
		818CE0B125D86A91005B530B /* PBXTargetDependency */ = {
			isa = PBXTargetDependency;
			target = 818CE08D25D86A8F005B530B /* Flash Card */;
			targetProxy = 818CE0B025D86A91005B530B /* PBXContainerItemProxy */;
		};
/* End PBXTargetDependency section */

/* Begin PBXVariantGroup section */
		818CE09725D86A8F005B530B /* Main.storyboard */ = {
			isa = PBXVariantGroup;
			children = (
				818CE09825D86A8F005B530B /* Base */,
			);
			name = Main.storyboard;
			sourceTree = "<group>";
		};
		818CE09C25D86A90005B530B /* LaunchScreen.storyboard */ = {
			isa = PBXVariantGroup;
			children = (
				818CE09D25D86A90005B530B /* Base */,
			);
			name = LaunchScreen.storyboard;
			sourceTree = "<group>";
		};
/* End PBXVariantGroup section */

/* Begin XCBuildConfiguration section */
		818CE0B625D86A91005B530B /* Debug */ = {
			isa = XCBuildConfiguration;
			buildSettings = {
				ALWAYS_SEARCH_USER_PATHS = NO;
				CLANG_ANALYZER_NONNULL = YES;
				CLANG_ANALYZER_NUMBER_OBJECT_CONVERSION = YES_AGGRESSIVE;
				CLANG_CXX_LANGUAGE_STANDARD = "gnu++14";
				CLANG_CXX_LIBRARY = "libc++";
				CLANG_ENABLE_MODULES = YES;
				CLANG_ENABLE_OBJC_ARC = YES;
				CLANG_ENABLE_OBJC_WEAK = YES;
				CLANG_WARN_BLOCK_CAPTURE_AUTORELEASING = YES;
				CLANG_WARN_BOOL_CONVERSION = YES;
				CLANG_WARN_COMMA = YES;
				CLANG_WARN_CONSTANT_CONVERSION = YES;
				CLANG_WARN_DEPRECATED_OBJC_IMPLEMENTATIONS = YES;
				CLANG_WARN_DIRECT_OBJC_ISA_USAGE = YES_ERROR;
				CLANG_WARN_DOCUMENTATION_COMMENTS = YES;
				CLANG_WARN_EMPTY_BODY = YES;
				CLANG_WARN_ENUM_CONVERSION = YES;
				CLANG_WARN_INFINITE_RECURSION = YES;
				CLANG_WARN_INT_CONVERSION = YES;
				CLANG_WARN_NON_LITERAL_NULL_CONVERSION = YES;
				CLANG_WARN_OBJC_IMPLICIT_RETAIN_SELF = YES;
				CLANG_WARN_OBJC_LITERAL_CONVERSION = YES;
				CLANG_WARN_OBJC_ROOT_CLASS = YES_ERROR;
				CLANG_WARN_QUOTED_INCLUDE_IN_FRAMEWORK_HEADER = YES;
				CLANG_WARN_RANGE_LOOP_ANALYSIS = YES;
				CLANG_WARN_STRICT_PROTOTYPES = YES;
				CLANG_WARN_SUSPICIOUS_MOVE = YES;
				CLANG_WARN_UNGUARDED_AVAILABILITY = YES_AGGRESSIVE;
				CLANG_WARN_UNREACHABLE_CODE = YES;
				CLANG_WARN__DUPLICATE_METHOD_MATCH = YES;
				COPY_PHASE_STRIP = NO;
				DEBUG_INFORMATION_FORMAT = dwarf;
				ENABLE_STRICT_OBJC_MSGSEND = YES;
				ENABLE_TESTABILITY = YES;
				GCC_C_LANGUAGE_STANDARD = gnu11;
				GCC_DYNAMIC_NO_PIC = NO;
				GCC_NO_COMMON_BLOCKS = YES;
				GCC_OPTIMIZATION_LEVEL = 0;
				GCC_PREPROCESSOR_DEFINITIONS = (
					"DEBUG=1",
					"$(inherited)",
				);
				GCC_WARN_64_TO_32_BIT_CONVERSION = YES;
				GCC_WARN_ABOUT_RETURN_TYPE = YES_ERROR;
				GCC_WARN_UNDECLARED_SELECTOR = YES;
				GCC_WARN_UNINITIALIZED_AUTOS = YES_AGGRESSIVE;
				GCC_WARN_UNUSED_FUNCTION = YES;
				GCC_WARN_UNUSED_VARIABLE = YES;
				IPHONEOS_DEPLOYMENT_TARGET = 14.4;
				MTL_ENABLE_DEBUG_INFO = INCLUDE_SOURCE;
				MTL_FAST_MATH = YES;
				ONLY_ACTIVE_ARCH = YES;
				SDKROOT = iphoneos;
				SWIFT_ACTIVE_COMPILATION_CONDITIONS = DEBUG;
				SWIFT_OPTIMIZATION_LEVEL = "-Onone";
			};
			name = Debug;
		};
		818CE0B725D86A91005B530B /* Release */ = {
			isa = XCBuildConfiguration;
			buildSettings = {
				ALWAYS_SEARCH_USER_PATHS = NO;
				CLANG_ANALYZER_NONNULL = YES;
				CLANG_ANALYZER_NUMBER_OBJECT_CONVERSION = YES_AGGRESSIVE;
				CLANG_CXX_LANGUAGE_STANDARD = "gnu++14";
				CLANG_CXX_LIBRARY = "libc++";
				CLANG_ENABLE_MODULES = YES;
				CLANG_ENABLE_OBJC_ARC = YES;
				CLANG_ENABLE_OBJC_WEAK = YES;
				CLANG_WARN_BLOCK_CAPTURE_AUTORELEASING = YES;
				CLANG_WARN_BOOL_CONVERSION = YES;
				CLANG_WARN_COMMA = YES;
				CLANG_WARN_CONSTANT_CONVERSION = YES;
				CLANG_WARN_DEPRECATED_OBJC_IMPLEMENTATIONS = YES;
				CLANG_WARN_DIRECT_OBJC_ISA_USAGE = YES_ERROR;
				CLANG_WARN_DOCUMENTATION_COMMENTS = YES;
				CLANG_WARN_EMPTY_BODY = YES;
				CLANG_WARN_ENUM_CONVERSION = YES;
				CLANG_WARN_INFINITE_RECURSION = YES;
				CLANG_WARN_INT_CONVERSION = YES;
				CLANG_WARN_NON_LITERAL_NULL_CONVERSION = YES;
				CLANG_WARN_OBJC_IMPLICIT_RETAIN_SELF = YES;
				CLANG_WARN_OBJC_LITERAL_CONVERSION = YES;
				CLANG_WARN_OBJC_ROOT_CLASS = YES_ERROR;
				CLANG_WARN_QUOTED_INCLUDE_IN_FRAMEWORK_HEADER = YES;
				CLANG_WARN_RANGE_LOOP_ANALYSIS = YES;
				CLANG_WARN_STRICT_PROTOTYPES = YES;
				CLANG_WARN_SUSPICIOUS_MOVE = YES;
				CLANG_WARN_UNGUARDED_AVAILABILITY = YES_AGGRESSIVE;
				CLANG_WARN_UNREACHABLE_CODE = YES;
				CLANG_WARN__DUPLICATE_METHOD_MATCH = YES;
				COPY_PHASE_STRIP = NO;
				DEBUG_INFORMATION_FORMAT = "dwarf-with-dsym";
				ENABLE_NS_ASSERTIONS = NO;
				ENABLE_STRICT_OBJC_MSGSEND = YES;
				GCC_C_LANGUAGE_STANDARD = gnu11;
				GCC_NO_COMMON_BLOCKS = YES;
				GCC_WARN_64_TO_32_BIT_CONVERSION = YES;
				GCC_WARN_ABOUT_RETURN_TYPE = YES_ERROR;
				GCC_WARN_UNDECLARED_SELECTOR = YES;
				GCC_WARN_UNINITIALIZED_AUTOS = YES_AGGRESSIVE;
				GCC_WARN_UNUSED_FUNCTION = YES;
				GCC_WARN_UNUSED_VARIABLE = YES;
				IPHONEOS_DEPLOYMENT_TARGET = 14.4;
				MTL_ENABLE_DEBUG_INFO = NO;
				MTL_FAST_MATH = YES;
				SDKROOT = iphoneos;
				SWIFT_COMPILATION_MODE = wholemodule;
				SWIFT_OPTIMIZATION_LEVEL = "-O";
				VALIDATE_PRODUCT = YES;
			};
			name = Release;
		};
		818CE0B925D86A91005B530B /* Debug */ = {
			isa = XCBuildConfiguration;
			buildSettings = {
				ASSETCATALOG_COMPILER_APPICON_NAME = AppIcon;
				ASSETCATALOG_COMPILER_GLOBAL_ACCENT_COLOR_NAME = AccentColor;
				CODE_SIGN_STYLE = Automatic;
				INFOPLIST_FILE = "Flash Card/Info.plist";
				LD_RUNPATH_SEARCH_PATHS = (
					"$(inherited)",
					"@executable_path/Frameworks",
				);
				PRODUCT_BUNDLE_IDENTIFIER = "com.jacobnguyen.Flash-Card";
				PRODUCT_NAME = "$(TARGET_NAME)";
				SWIFT_VERSION = 5.0;
				TARGETED_DEVICE_FAMILY = "1,2";
			};
			name = Debug;
		};
		818CE0BA25D86A91005B530B /* Release */ = {
			isa = XCBuildConfiguration;
			buildSettings = {
				ASSETCATALOG_COMPILER_APPICON_NAME = AppIcon;
				ASSETCATALOG_COMPILER_GLOBAL_ACCENT_COLOR_NAME = AccentColor;
				CODE_SIGN_STYLE = Automatic;
				INFOPLIST_FILE = "Flash Card/Info.plist";
				LD_RUNPATH_SEARCH_PATHS = (
					"$(inherited)",
					"@executable_path/Frameworks",
				);
				PRODUCT_BUNDLE_IDENTIFIER = "com.jacobnguyen.Flash-Card";
				PRODUCT_NAME = "$(TARGET_NAME)";
				SWIFT_VERSION = 5.0;
				TARGETED_DEVICE_FAMILY = "1,2";
			};
			name = Release;
		};
		818CE0BC25D86A91005B530B /* Debug */ = {
			isa = XCBuildConfiguration;
			buildSettings = {
				ALWAYS_EMBED_SWIFT_STANDARD_LIBRARIES = YES;
				BUNDLE_LOADER = "$(TEST_HOST)";
				CODE_SIGN_STYLE = Automatic;
				INFOPLIST_FILE = "Flash CardTests/Info.plist";
				IPHONEOS_DEPLOYMENT_TARGET = 14.4;
				LD_RUNPATH_SEARCH_PATHS = (
					"$(inherited)",
					"@executable_path/Frameworks",
					"@loader_path/Frameworks",
				);
				PRODUCT_BUNDLE_IDENTIFIER = "com.jacobnguyen.Flash-CardTests";
				PRODUCT_NAME = "$(TARGET_NAME)";
				SWIFT_VERSION = 5.0;
				TARGETED_DEVICE_FAMILY = "1,2";
				TEST_HOST = "$(BUILT_PRODUCTS_DIR)/Flash Card.app/Flash Card";
			};
			name = Debug;
		};
		818CE0BD25D86A91005B530B /* Release */ = {
			isa = XCBuildConfiguration;
			buildSettings = {
				ALWAYS_EMBED_SWIFT_STANDARD_LIBRARIES = YES;
				BUNDLE_LOADER = "$(TEST_HOST)";
				CODE_SIGN_STYLE = Automatic;
				INFOPLIST_FILE = "Flash CardTests/Info.plist";
				IPHONEOS_DEPLOYMENT_TARGET = 14.4;
				LD_RUNPATH_SEARCH_PATHS = (
					"$(inherited)",
					"@executable_path/Frameworks",
					"@loader_path/Frameworks",
				);
				PRODUCT_BUNDLE_IDENTIFIER = "com.jacobnguyen.Flash-CardTests";
				PRODUCT_NAME = "$(TARGET_NAME)";
				SWIFT_VERSION = 5.0;
				TARGETED_DEVICE_FAMILY = "1,2";
				TEST_HOST = "$(BUILT_PRODUCTS_DIR)/Flash Card.app/Flash Card";
			};
			name = Release;
		};
		818CE0BF25D86A91005B530B /* Debug */ = {
			isa = XCBuildConfiguration;
			buildSettings = {
				ALWAYS_EMBED_SWIFT_STANDARD_LIBRARIES = YES;
				CODE_SIGN_STYLE = Automatic;
				INFOPLIST_FILE = "Flash CardUITests/Info.plist";
				LD_RUNPATH_SEARCH_PATHS = (
					"$(inherited)",
					"@executable_path/Frameworks",
					"@loader_path/Frameworks",
				);
				PRODUCT_BUNDLE_IDENTIFIER = "com.jacobnguyen.Flash-CardUITests";
				PRODUCT_NAME = "$(TARGET_NAME)";
				SWIFT_VERSION = 5.0;
				TARGETED_DEVICE_FAMILY = "1,2";
				TEST_TARGET_NAME = "Flash Card";
			};
			name = Debug;
		};
		818CE0C025D86A91005B530B /* Release */ = {
			isa = XCBuildConfiguration;
			buildSettings = {
				ALWAYS_EMBED_SWIFT_STANDARD_LIBRARIES = YES;
				CODE_SIGN_STYLE = Automatic;
				INFOPLIST_FILE = "Flash CardUITests/Info.plist";
				LD_RUNPATH_SEARCH_PATHS = (
					"$(inherited)",
					"@executable_path/Frameworks",
					"@loader_path/Frameworks",
				);
				PRODUCT_BUNDLE_IDENTIFIER = "com.jacobnguyen.Flash-CardUITests";
				PRODUCT_NAME = "$(TARGET_NAME)";
				SWIFT_VERSION = 5.0;
				TARGETED_DEVICE_FAMILY = "1,2";
				TEST_TARGET_NAME = "Flash Card";
			};
			name = Release;
		};
/* End XCBuildConfiguration section */

/* Begin XCConfigurationList section */
		818CE08925D86A8F005B530B /* Build configuration list for PBXProject "Flash Card" */ = {
			isa = XCConfigurationList;
			buildConfigurations = (
				818CE0B625D86A91005B530B /* Debug */,
				818CE0B725D86A91005B530B /* Release */,
			);
			defaultConfigurationIsVisible = 0;
			defaultConfigurationName = Release;
		};
		818CE0B825D86A91005B530B /* Build configuration list for PBXNativeTarget "Flash Card" */ = {
			isa = XCConfigurationList;
			buildConfigurations = (
				818CE0B925D86A91005B530B /* Debug */,
				818CE0BA25D86A91005B530B /* Release */,
			);
			defaultConfigurationIsVisible = 0;
			defaultConfigurationName = Release;
		};
		818CE0BB25D86A91005B530B /* Build configuration list for PBXNativeTarget "Flash CardTests" */ = {
			isa = XCConfigurationList;
			buildConfigurations = (
				818CE0BC25D86A91005B530B /* Debug */,
				818CE0BD25D86A91005B530B /* Release */,
			);
			defaultConfigurationIsVisible = 0;
			defaultConfigurationName = Release;
		};
		818CE0BE25D86A91005B530B /* Build configuration list for PBXNativeTarget "Flash CardUITests" */ = {
			isa = XCConfigurationList;
			buildConfigurations = (
				818CE0BF25D86A91005B530B /* Debug */,
				818CE0C025D86A91005B530B /* Release */,
			);
			defaultConfigurationIsVisible = 0;
			defaultConfigurationName = Release;
		};
/* End XCConfigurationList section */
	};
	rootObject = 818CE08625D86A8F005B530B /* Project object */;
}
